// !$*UTF8*$!
{
	archiveVersion = 1;
	classes = {
	};
	objectVersion = 46;
	objects = {

/* Begin PBXBuildFile section */
		6C3B79E21DC7370600CC1E81 /* Pokemon.swift in Sources */ = {isa = PBXBuildFile; fileRef = 6C3B79E11DC7370600CC1E81 /* Pokemon.swift */; };
		6C43D6C71DC4691200A50BCD /* AppDelegate.swift in Sources */ = {isa = PBXBuildFile; fileRef = 6C43D6C61DC4691200A50BCD /* AppDelegate.swift */; };
		6C43D6C91DC4691200A50BCD /* ViewController.swift in Sources */ = {isa = PBXBuildFile; fileRef = 6C43D6C81DC4691200A50BCD /* ViewController.swift */; };
		6C43D6CC1DC4691200A50BCD /* Main.storyboard in Resources */ = {isa = PBXBuildFile; fileRef = 6C43D6CA1DC4691200A50BCD /* Main.storyboard */; };
		6C43D6CE1DC4691200A50BCD /* Assets.xcassets in Resources */ = {isa = PBXBuildFile; fileRef = 6C43D6CD1DC4691200A50BCD /* Assets.xcassets */; };
		6C43D6D11DC4691200A50BCD /* LaunchScreen.storyboard in Resources */ = {isa = PBXBuildFile; fileRef = 6C43D6CF1DC4691200A50BCD /* LaunchScreen.storyboard */; };
		6C43D6D91DC735DC00A50BCD /* pokemon.csv in Resources */ = {isa = PBXBuildFile; fileRef = 6C43D6D81DC735DC00A50BCD /* pokemon.csv */; };
		6C85CA871DC7523B0070ACC3 /* PokeCell.swift in Sources */ = {isa = PBXBuildFile; fileRef = 6C85CA861DC7523B0070ACC3 /* PokeCell.swift */; };
		6C85CA8B1DC847630070ACC3 /* csv.swift in Sources */ = {isa = PBXBuildFile; fileRef = 6C85CA8A1DC847630070ACC3 /* csv.swift */; };
		6C8D70191DC8548200C90588 /* pokemon.ttf in Resources */ = {isa = PBXBuildFile; fileRef = 6C8D70181DC8548200C90588 /* pokemon.ttf */; };
		6C8D701E1DC8563400C90588 /* music.mp3 in Resources */ = {isa = PBXBuildFile; fileRef = 6C8D701D1DC8563400C90588 /* music.mp3 */; };
		6C8D70221DC856A100C90588 /* music.png in Resources */ = {isa = PBXBuildFile; fileRef = 6C8D70211DC856A100C90588 /* music.png */; };
		6C8D70241DC87CE300C90588 /* PokemonDetailVC.swift in Sources */ = {isa = PBXBuildFile; fileRef = 6C8D70231DC87CE300C90588 /* PokemonDetailVC.swift */; };
		6C8D70261DC8AE2300C90588 /* Constants.swift in Sources */ = {isa = PBXBuildFile; fileRef = 6C8D70251DC8AE2300C90588 /* Constants.swift */; };
		A8F9C616E1F07B653CD58910 /* Pods_pokedex.framework in Frameworks */ = {isa = PBXBuildFile; fileRef = 90A6C6EDF488B7B13B21B2F1 /* Pods_pokedex.framework */; };
/* End PBXBuildFile section */

/* Begin PBXFileReference section */
		08A60A77135438AA1611198A /* Pods-pokedex.release.xcconfig */ = {isa = PBXFileReference; includeInIndex = 1; lastKnownFileType = text.xcconfig; name = "Pods-pokedex.release.xcconfig"; path = "Pods/Target Support Files/Pods-pokedex/Pods-pokedex.release.xcconfig"; sourceTree = "<group>"; };
		6C3B79E11DC7370600CC1E81 /* Pokemon.swift */ = {isa = PBXFileReference; fileEncoding = 4; lastKnownFileType = sourcecode.swift; path = Pokemon.swift; sourceTree = "<group>"; };
		6C43D6C31DC4691200A50BCD /* pokedex.app */ = {isa = PBXFileReference; explicitFileType = wrapper.application; includeInIndex = 0; path = pokedex.app; sourceTree = BUILT_PRODUCTS_DIR; };
		6C43D6C61DC4691200A50BCD /* AppDelegate.swift */ = {isa = PBXFileReference; lastKnownFileType = sourcecode.swift; path = AppDelegate.swift; sourceTree = "<group>"; };
		6C43D6C81DC4691200A50BCD /* ViewController.swift */ = {isa = PBXFileReference; lastKnownFileType = sourcecode.swift; path = ViewController.swift; sourceTree = "<group>"; };
		6C43D6CB1DC4691200A50BCD /* Base */ = {isa = PBXFileReference; lastKnownFileType = file.storyboard; name = Base; path = Base.lproj/Main.storyboard; sourceTree = "<group>"; };
		6C43D6CD1DC4691200A50BCD /* Assets.xcassets */ = {isa = PBXFileReference; lastKnownFileType = folder.assetcatalog; path = Assets.xcassets; sourceTree = "<group>"; };
		6C43D6D01DC4691200A50BCD /* Base */ = {isa = PBXFileReference; lastKnownFileType = file.storyboard; name = Base; path = Base.lproj/LaunchScreen.storyboard; sourceTree = "<group>"; };
		6C43D6D21DC4691200A50BCD /* Info.plist */ = {isa = PBXFileReference; lastKnownFileType = text.plist.xml; path = Info.plist; sourceTree = "<group>"; };
		6C43D6D81DC735DC00A50BCD /* pokemon.csv */ = {isa = PBXFileReference; fileEncoding = 4; lastKnownFileType = text; path = pokemon.csv; sourceTree = "<group>"; };
		6C85CA861DC7523B0070ACC3 /* PokeCell.swift */ = {isa = PBXFileReference; fileEncoding = 4; lastKnownFileType = sourcecode.swift; path = PokeCell.swift; sourceTree = "<group>"; };
		6C85CA8A1DC847630070ACC3 /* csv.swift */ = {isa = PBXFileReference; fileEncoding = 4; lastKnownFileType = sourcecode.swift; path = csv.swift; sourceTree = "<group>"; };
		6C8D70181DC8548200C90588 /* pokemon.ttf */ = {isa = PBXFileReference; lastKnownFileType = file; path = pokemon.ttf; sourceTree = "<group>"; };
		6C8D701D1DC8563400C90588 /* music.mp3 */ = {isa = PBXFileReference; lastKnownFileType = audio.mp3; path = music.mp3; sourceTree = "<group>"; };
		6C8D70211DC856A100C90588 /* music.png */ = {isa = PBXFileReference; lastKnownFileType = image.png; path = music.png; sourceTree = "<group>"; };
		6C8D70231DC87CE300C90588 /* PokemonDetailVC.swift */ = {isa = PBXFileReference; fileEncoding = 4; lastKnownFileType = sourcecode.swift; path = PokemonDetailVC.swift; sourceTree = "<group>"; };
		6C8D70251DC8AE2300C90588 /* Constants.swift */ = {isa = PBXFileReference; fileEncoding = 4; lastKnownFileType = sourcecode.swift; path = Constants.swift; sourceTree = "<group>"; };
		90A6C6EDF488B7B13B21B2F1 /* Pods_pokedex.framework */ = {isa = PBXFileReference; explicitFileType = wrapper.framework; includeInIndex = 0; path = Pods_pokedex.framework; sourceTree = BUILT_PRODUCTS_DIR; };
		92670F4E11B7C40ABA6D7E25 /* Pods-pokedex.debug.xcconfig */ = {isa = PBXFileReference; includeInIndex = 1; lastKnownFileType = text.xcconfig; name = "Pods-pokedex.debug.xcconfig"; path = "Pods/Target Support Files/Pods-pokedex/Pods-pokedex.debug.xcconfig"; sourceTree = "<group>"; };
/* End PBXFileReference section */

/* Begin PBXFrameworksBuildPhase section */
		6C43D6C01DC4691200A50BCD /* Frameworks */ = {
			isa = PBXFrameworksBuildPhase;
			buildActionMask = 2147483647;
			files = (
				A8F9C616E1F07B653CD58910 /* Pods_pokedex.framework in Frameworks */,
			);
			runOnlyForDeploymentPostprocessing = 0;
		};
/* End PBXFrameworksBuildPhase section */

/* Begin PBXGroup section */
		6C3B79E01DC736F900CC1E81 /* Model */ = {
			isa = PBXGroup;
			children = (
				6C3B79E11DC7370600CC1E81 /* Pokemon.swift */,
			);
			name = Model;
			sourceTree = "<group>";
		};
		6C43D6BA1DC4691200A50BCD = {
			isa = PBXGroup;
			children = (
				6C43D6C51DC4691200A50BCD /* pokedex */,
				6C43D6C41DC4691200A50BCD /* Products */,
				EBD7A159A8CE7DC2AF53AEA8 /* Pods */,
				AD969B736A7A53586306E07C /* Frameworks */,
			);
			sourceTree = "<group>";
		};
		6C43D6C41DC4691200A50BCD /* Products */ = {
			isa = PBXGroup;
			children = (
				6C43D6C31DC4691200A50BCD /* pokedex.app */,
			);
			name = Products;
			sourceTree = "<group>";
		};
		6C43D6C51DC4691200A50BCD /* pokedex */ = {
			isa = PBXGroup;
			children = (
				6C3B79E01DC736F900CC1E81 /* Model */,
				6C85CA851DC7520D0070ACC3 /* View */,
				6C8D701A1DC8549A00C90588 /* Controller */,
				6C8D701B1DC854A600C90588 /* Resources */,
				6C8D701C1DC854C100C90588 /* Util */,
				6C43D6CA1DC4691200A50BCD /* Main.storyboard */,
				6C43D6C61DC4691200A50BCD /* AppDelegate.swift */,
				6C43D6CD1DC4691200A50BCD /* Assets.xcassets */,
				6C43D6CF1DC4691200A50BCD /* LaunchScreen.storyboard */,
				6C43D6D21DC4691200A50BCD /* Info.plist */,
			);
			path = pokedex;
			sourceTree = "<group>";
		};
		6C85CA851DC7520D0070ACC3 /* View */ = {
			isa = PBXGroup;
			children = (
				6C85CA861DC7523B0070ACC3 /* PokeCell.swift */,
			);
			name = View;
			sourceTree = "<group>";
		};
		6C8D701A1DC8549A00C90588 /* Controller */ = {
			isa = PBXGroup;
			children = (
				6C43D6C81DC4691200A50BCD /* ViewController.swift */,
				6C8D70231DC87CE300C90588 /* PokemonDetailVC.swift */,
			);
			name = Controller;
			sourceTree = "<group>";
		};
		6C8D701B1DC854A600C90588 /* Resources */ = {
			isa = PBXGroup;
			children = (
				6C8D70181DC8548200C90588 /* pokemon.ttf */,
				6C43D6D81DC735DC00A50BCD /* pokemon.csv */,
				6C8D701D1DC8563400C90588 /* music.mp3 */,
				6C8D70211DC856A100C90588 /* music.png */,
			);
			name = Resources;
			sourceTree = "<group>";
		};
		6C8D701C1DC854C100C90588 /* Util */ = {
			isa = PBXGroup;
			children = (
				6C85CA8A1DC847630070ACC3 /* csv.swift */,
				6C8D70251DC8AE2300C90588 /* Constants.swift */,
			);
			name = Util;
			sourceTree = "<group>";
		};
		AD969B736A7A53586306E07C /* Frameworks */ = {
			isa = PBXGroup;
			children = (
				90A6C6EDF488B7B13B21B2F1 /* Pods_pokedex.framework */,
			);
			name = Frameworks;
			sourceTree = "<group>";
		};
		EBD7A159A8CE7DC2AF53AEA8 /* Pods */ = {
			isa = PBXGroup;
			children = (
				92670F4E11B7C40ABA6D7E25 /* Pods-pokedex.debug.xcconfig */,
				08A60A77135438AA1611198A /* Pods-pokedex.release.xcconfig */,
			);
			name = Pods;
			sourceTree = "<group>";
		};
/* End PBXGroup section */

/* Begin PBXNativeTarget section */
		6C43D6C21DC4691200A50BCD /* pokedex */ = {
			isa = PBXNativeTarget;
			buildConfigurationList = 6C43D6D51DC4691200A50BCD /* Build configuration list for PBXNativeTarget "pokedex" */;
			buildPhases = (
				44E57F9DD91B024F0897B06F /* [CP] Check Pods Manifest.lock */,
				6C43D6BF1DC4691200A50BCD /* Sources */,
				6C43D6C01DC4691200A50BCD /* Frameworks */,
				6C43D6C11DC4691200A50BCD /* Resources */,
				19639E74BD5F826D175E9F99 /* [CP] Embed Pods Frameworks */,
				2DA41E92BE30FE60419801A0 /* [CP] Copy Pods Resources */,
			);
			buildRules = (
			);
			dependencies = (
			);
			name = pokedex;
			productName = pokedex;
			productReference = 6C43D6C31DC4691200A50BCD /* pokedex.app */;
			productType = "com.apple.product-type.application";
		};
/* End PBXNativeTarget section */

/* Begin PBXProject section */
		6C43D6BB1DC4691200A50BCD /* Project object */ = {
			isa = PBXProject;
			attributes = {
				LastSwiftUpdateCheck = 0800;
				LastUpgradeCheck = 0800;
				ORGANIZATIONNAME = www.WeAreSuperAwesome.net;
				TargetAttributes = {
					6C43D6C21DC4691200A50BCD = {
						CreatedOnToolsVersion = 8.0;
						DevelopmentTeam = S6VHT5CKSA;
						LastSwiftMigration = 0800;
						ProvisioningStyle = Automatic;
					};
				};
			};
			buildConfigurationList = 6C43D6BE1DC4691200A50BCD /* Build configuration list for PBXProject "pokedex" */;
			compatibilityVersion = "Xcode 3.2";
			developmentRegion = English;
			hasScannedForEncodings = 0;
			knownRegions = (
				en,
				Base,
			);
			mainGroup = 6C43D6BA1DC4691200A50BCD;
			productRefGroup = 6C43D6C41DC4691200A50BCD /* Products */;
			projectDirPath = "";
			projectRoot = "";
			targets = (
				6C43D6C21DC4691200A50BCD /* pokedex */,
			);
		};
/* End PBXProject section */

/* Begin PBXResourcesBuildPhase section */
		6C43D6C11DC4691200A50BCD /* Resources */ = {
			isa = PBXResourcesBuildPhase;
			buildActionMask = 2147483647;
			files = (
				6C8D70191DC8548200C90588 /* pokemon.ttf in Resources */,
				6C8D70221DC856A100C90588 /* music.png in Resources */,
				6C43D6D11DC4691200A50BCD /* LaunchScreen.storyboard in Resources */,
				6C8D701E1DC8563400C90588 /* music.mp3 in Resources */,
				6C43D6CE1DC4691200A50BCD /* Assets.xcassets in Resources */,
				6C43D6D91DC735DC00A50BCD /* pokemon.csv in Resources */,
				6C43D6CC1DC4691200A50BCD /* Main.storyboard in Resources */,
			);
			runOnlyForDeploymentPostprocessing = 0;
		};
/* End PBXResourcesBuildPhase section */

/* Begin PBXShellScriptBuildPhase section */
		19639E74BD5F826D175E9F99 /* [CP] Embed Pods Frameworks */ = {
			isa = PBXShellScriptBuildPhase;
			buildActionMask = 2147483647;
			files = (
			);
			inputPaths = (
			);
			name = "[CP] Embed Pods Frameworks";
			outputPaths = (
			);
			runOnlyForDeploymentPostprocessing = 0;
			shellPath = /bin/sh;
			shellScript = "\"${SRCROOT}/Pods/Target Support Files/Pods-pokedex/Pods-pokedex-frameworks.sh\"\n";
			showEnvVarsInLog = 0;
		};
		2DA41E92BE30FE60419801A0 /* [CP] Copy Pods Resources */ = {
			isa = PBXShellScriptBuildPhase;
			buildActionMask = 2147483647;
			files = (
			);
			inputPaths = (
			);
			name = "[CP] Copy Pods Resources";
			outputPaths = (
			);
			runOnlyForDeploymentPostprocessing = 0;
			shellPath = /bin/sh;
			shellScript = "\"${SRCROOT}/Pods/Target Support Files/Pods-pokedex/Pods-pokedex-resources.sh\"\n";
			showEnvVarsInLog = 0;
		};
		44E57F9DD91B024F0897B06F /* [CP] Check Pods Manifest.lock */ = {
			isa = PBXShellScriptBuildPhase;
			buildActionMask = 2147483647;
			files = (
			);
			inputPaths = (
			);
			name = "[CP] Check Pods Manifest.lock";
			outputPaths = (
			);
			runOnlyForDeploymentPostprocessing = 0;
			shellPath = /bin/sh;
			shellScript = "diff \"${PODS_ROOT}/../Podfile.lock\" \"${PODS_ROOT}/Manifest.lock\" > /dev/null\nif [ $? != 0 ] ; then\n    # print error to STDERR\n    echo \"error: The sandbox is not in sync with the Podfile.lock. Run 'pod install' or update your CocoaPods installation.\" >&2\n    exit 1\nfi\n";
			showEnvVarsInLog = 0;
		};
/* End PBXShellScriptBuildPhase section */

/* Begin PBXSourcesBuildPhase section */
		6C43D6BF1DC4691200A50BCD /* Sources */ = {
			isa = PBXSourcesBuildPhase;
			buildActionMask = 2147483647;
			files = (
				6C85CA871DC7523B0070ACC3 /* PokeCell.swift in Sources */,
				6C43D6C91DC4691200A50BCD /* ViewController.swift in Sources */,
				6C43D6C71DC4691200A50BCD /* AppDelegate.swift in Sources */,
				6C8D70241DC87CE300C90588 /* PokemonDetailVC.swift in Sources */,
				6C8D70261DC8AE2300C90588 /* Constants.swift in Sources */,
				6C3B79E21DC7370600CC1E81 /* Pokemon.swift in Sources */,
				6C85CA8B1DC847630070ACC3 /* csv.swift in Sources */,
			);
			runOnlyForDeploymentPostprocessing = 0;
		};
/* End PBXSourcesBuildPhase section */

/* Begin PBXVariantGroup section */
		6C43D6CA1DC4691200A50BCD /* Main.storyboard */ = {
			isa = PBXVariantGroup;
			children = (
				6C43D6CB1DC4691200A50BCD /* Base */,
			);
			name = Main.storyboard;
			sourceTree = "<group>";
		};
		6C43D6CF1DC4691200A50BCD /* LaunchScreen.storyboard */ = {
			isa = PBXVariantGroup;
			children = (
				6C43D6D01DC4691200A50BCD /* Base */,
			);
			name = LaunchScreen.storyboard;
			sourceTree = "<group>";
		};
/* End PBXVariantGroup section */

/* Begin XCBuildConfiguration section */
		6C43D6D31DC4691200A50BCD /* Debug */ = {
			isa = XCBuildConfiguration;
			buildSettings = {
				ALWAYS_SEARCH_USER_PATHS = NO;
				CLANG_ANALYZER_NONNULL = YES;
				CLANG_CXX_LANGUAGE_STANDARD = "gnu++0x";
				CLANG_CXX_LIBRARY = "libc++";
				CLANG_ENABLE_MODULES = YES;
				CLANG_ENABLE_OBJC_ARC = YES;
				CLANG_WARN_BOOL_CONVERSION = YES;
				CLANG_WARN_CONSTANT_CONVERSION = YES;
				CLANG_WARN_DIRECT_OBJC_ISA_USAGE = YES_ERROR;
				CLANG_WARN_DOCUMENTATION_COMMENTS = YES;
				CLANG_WARN_EMPTY_BODY = YES;
				CLANG_WARN_ENUM_CONVERSION = YES;
				CLANG_WARN_INFINITE_RECURSION = YES;
				CLANG_WARN_INT_CONVERSION = YES;
				CLANG_WARN_OBJC_ROOT_CLASS = YES_ERROR;
				CLANG_WARN_SUSPICIOUS_MOVES = YES;
				CLANG_WARN_UNREACHABLE_CODE = YES;
				CLANG_WARN__DUPLICATE_METHOD_MATCH = YES;
				"CODE_SIGN_IDENTITY[sdk=iphoneos*]" = "iPhone Developer";
				COPY_PHASE_STRIP = NO;
				DEBUG_INFORMATION_FORMAT = dwarf;
				ENABLE_STRICT_OBJC_MSGSEND = YES;
				ENABLE_TESTABILITY = YES;
				GCC_C_LANGUAGE_STANDARD = gnu99;
				GCC_DYNAMIC_NO_PIC = NO;
				GCC_NO_COMMON_BLOCKS = YES;
				GCC_OPTIMIZATION_LEVEL = 0;
				GCC_PREPROCESSOR_DEFINITIONS = (
					"DEBUG=1",
					"$(inherited)",
				);
				GCC_WARN_64_TO_32_BIT_CONVERSION = YES;
				GCC_WARN_ABOUT_RETURN_TYPE = YES_ERROR;
				GCC_WARN_UNDECLARED_SELECTOR = YES;
				GCC_WARN_UNINITIALIZED_AUTOS = YES_AGGRESSIVE;
				GCC_WARN_UNUSED_FUNCTION = YES;
				GCC_WARN_UNUSED_VARIABLE = YES;
				IPHONEOS_DEPLOYMENT_TARGET = 10.0;
				MTL_ENABLE_DEBUG_INFO = YES;
				ONLY_ACTIVE_ARCH = YES;
				SDKROOT = iphoneos;
				SWIFT_ACTIVE_COMPILATION_CONDITIONS = DEBUG;
				SWIFT_OPTIMIZATION_LEVEL = "-Onone";
				TARGETED_DEVICE_FAMILY = "1,2";
			};
			name = Debug;
		};
		6C43D6D41DC4691200A50BCD /* Release */ = {
			isa = XCBuildConfiguration;
			buildSettings = {
				ALWAYS_SEARCH_USER_PATHS = NO;
				CLANG_ANALYZER_NONNULL = YES;
				CLANG_CXX_LANGUAGE_STANDARD = "gnu++0x";
				CLANG_CXX_LIBRARY = "libc++";
				CLANG_ENABLE_MODULES = YES;
				CLANG_ENABLE_OBJC_ARC = YES;
				CLANG_WARN_BOOL_CONVERSION = YES;
				CLANG_WARN_CONSTANT_CONVERSION = YES;
				CLANG_WARN_DIRECT_OBJC_ISA_USAGE = YES_ERROR;
				CLANG_WARN_DOCUMENTATION_COMMENTS = YES;
				CLANG_WARN_EMPTY_BODY = YES;
				CLANG_WARN_ENUM_CONVERSION = YES;
				CLANG_WARN_INFINITE_RECURSION = YES;
				CLANG_WARN_INT_CONVERSION = YES;
				CLANG_WARN_OBJC_ROOT_CLASS = YES_ERROR;
				CLANG_WARN_SUSPICIOUS_MOVES = YES;
				CLANG_WARN_UNREACHABLE_CODE = YES;
				CLANG_WARN__DUPLICATE_METHOD_MATCH = YES;
				"CODE_SIGN_IDENTITY[sdk=iphoneos*]" = "iPhone Developer";
				COPY_PHASE_STRIP = NO;
				DEBUG_INFORMATION_FORMAT = "dwarf-with-dsym";
				ENABLE_NS_ASSERTIONS = NO;
				ENABLE_STRICT_OBJC_MSGSEND = YES;
				GCC_C_LANGUAGE_STANDARD = gnu99;
				GCC_NO_COMMON_BLOCKS = YES;
				GCC_WARN_64_TO_32_BIT_CONVERSION = YES;
				GCC_WARN_ABOUT_RETURN_TYPE = YES_ERROR;
				GCC_WARN_UNDECLARED_SELECTOR = YES;
				GCC_WARN_UNINITIALIZED_AUTOS = YES_AGGRESSIVE;
				GCC_WARN_UNUSED_FUNCTION = YES;
				GCC_WARN_UNUSED_VARIABLE = YES;
				IPHONEOS_DEPLOYMENT_TARGET = 10.0;
				MTL_ENABLE_DEBUG_INFO = NO;
				SDKROOT = iphoneos;
				SWIFT_OPTIMIZATION_LEVEL = "-Owholemodule";
				TARGETED_DEVICE_FAMILY = "1,2";
				VALIDATE_PRODUCT = YES;
			};
			name = Release;
		};
		6C43D6D61DC4691200A50BCD /* Debug */ = {
			isa = XCBuildConfiguration;
			baseConfigurationReference = 92670F4E11B7C40ABA6D7E25 /* Pods-pokedex.debug.xcconfig */;
			buildSettings = {
				ASSETCATALOG_COMPILER_APPICON_NAME = AppIcon;
				DEVELOPMENT_TEAM = S6VHT5CKSA;
				INFOPLIST_FILE = pokedex/Info.plist;
				LD_RUNPATH_SEARCH_PATHS = "$(inherited) @executable_path/Frameworks";
				PRODUCT_BUNDLE_IDENTIFIER = com.roydimayuga.pokedex;
				PRODUCT_NAME = "$(TARGET_NAME)";
				SWIFT_VERSION = 3.0;
			};
			name = Debug;
		};
		6C43D6D71DC4691200A50BCD /* Release */ = {
			isa = XCBuildConfiguration;
			baseConfigurationReference = 08A60A77135438AA1611198A /* Pods-pokedex.release.xcconfig */;
			buildSettings = {
				ASSETCATALOG_COMPILER_APPICON_NAME = AppIcon;
				DEVELOPMENT_TEAM = S6VHT5CKSA;
				INFOPLIST_FILE = pokedex/Info.plist;
				LD_RUNPATH_SEARCH_PATHS = "$(inherited) @executable_path/Frameworks";
				PRODUCT_BUNDLE_IDENTIFIER = com.roydimayuga.pokedex;
				PRODUCT_NAME = "$(TARGET_NAME)";
				SWIFT_VERSION = 3.0;
			};
			name = Release;
		};
/* End XCBuildConfiguration section */

/* Begin XCConfigurationList section */
		6C43D6BE1DC4691200A50BCD /* Build configuration list for PBXProject "pokedex" */ = {
			isa = XCConfigurationList;
			buildConfigurations = (
				6C43D6D31DC4691200A50BCD /* Debug */,
				6C43D6D41DC4691200A50BCD /* Release */,
			);
			defaultConfigurationIsVisible = 0;
			defaultConfigurationName = Release;
		};
		6C43D6D51DC4691200A50BCD /* Build configuration list for PBXNativeTarget "pokedex" */ = {
			isa = XCConfigurationList;
			buildConfigurations = (
				6C43D6D61DC4691200A50BCD /* Debug */,
				6C43D6D71DC4691200A50BCD /* Release */,
			);
			defaultConfigurationIsVisible = 0;
			defaultConfigurationName = Release;
		};
/* End XCConfigurationList section */
	};
	rootObject = 6C43D6BB1DC4691200A50BCD /* Project object */;
}
